Microsoft Visual Studio Solution File, Format Version 12.00
# Visual Studio 2012
Project("{FAE04EC0-301F-11D3-BF4B-00C04F79EFBC}") = "KongleJam", "KongleJam.csproj", "{431E2112-EDBC-4EC2-9D3E-FB0F8C711BA3}"
EndProject
Global
	GlobalSection(SolutionConfigurationPlatforms) = preSolution
	Debug|Any CPU = Debug|Any CPU
	ExportDebug|Any CPU = ExportDebug|Any CPU
	ExportRelease|Any CPU = ExportRelease|Any CPU
	EndGlobalSection
	GlobalSection(ProjectConfigurationPlatforms) = postSolution
		{431E2112-EDBC-4EC2-9D3E-FB0F8C711BA3}.Debug|Any CPU.ActiveCfg = Debug|Any CPU
		{431E2112-EDBC-4EC2-9D3E-FB0F8C711BA3}.Debug|Any CPU.Build.0 = Debug|Any CPU
		{431E2112-EDBC-4EC2-9D3E-FB0F8C711BA3}.ExportDebug|Any CPU.ActiveCfg = ExportDebug|Any CPU
		{431E2112-EDBC-4EC2-9D3E-FB0F8C711BA3}.ExportDebug|Any CPU.Build.0 = ExportDebug|Any CPU
		{431E2112-EDBC-4EC2-9D3E-FB0F8C711BA3}.ExportRelease|Any CPU.ActiveCfg = ExportRelease|Any CPU
		{431E2112-EDBC-4EC2-9D3E-FB0F8C711BA3}.ExportRelease|Any CPU.Build.0 = ExportRelease|Any CPU
	EndGlobalSection
EndGlobal
